
Microsoft Visual Studio Solution File, Format Version 12.00
# Visual Studio Version 16
VisualStudioVersion = 16.0.28922.388
MinimumVisualStudioVersion = 10.0.40219.1
Project("{9A19103F-16F7-4668-BE54-9A1E7A4F7556}") = "BirthdayBotSource", "BirthdayBotSource\BirthdayBotSource.csproj", "{4FDDBB24-18F8-4C97-A05D-7FC42C3F2C9E}"
EndProject
Project("{9A19103F-16F7-4668-BE54-9A1E7A4F7556}") = "BirthdayBotTest", "BirthdayBotTest\BirthdayBotTest.csproj", "{74C1B941-1988-47C5-9580-AE39E05CEDD7}"
EndProject
Global
	GlobalSection(SolutionConfigurationPlatforms) = preSolution
		Debug|Any CPU = Debug|Any CPU
		Release|Any CPU = Release|Any CPU
	EndGlobalSection
	GlobalSection(ProjectConfigurationPlatforms) = postSolution
		{4FDDBB24-18F8-4C97-A05D-7FC42C3F2C9E}.Debug|Any CPU.ActiveCfg = Debug|Any CPU
		{4FDDBB24-18F8-4C97-A05D-7FC42C3F2C9E}.Debug|Any CPU.Build.0 = Debug|Any CPU
		{4FDDBB24-18F8-4C97-A05D-7FC42C3F2C9E}.Release|Any CPU.ActiveCfg = Release|Any CPU
		{4FDDBB24-18F8-4C97-A05D-7FC42C3F2C9E}.Release|Any CPU.Build.0 = Release|Any CPU
		{74C1B941-1988-47C5-9580-AE39E05CEDD7}.Debug|Any CPU.ActiveCfg = Debug|Any CPU
		{74C1B941-1988-47C5-9580-AE39E05CEDD7}.Debug|Any CPU.Build.0 = Debug|Any CPU
		{74C1B941-1988-47C5-9580-AE39E05CEDD7}.Release|Any CPU.ActiveCfg = Release|Any CPU
		{74C1B941-1988-47C5-9580-AE39E05CEDD7}.Release|Any CPU.Build.0 = Release|Any CPU
	EndGlobalSection
	GlobalSection(SolutionProperties) = preSolution
		HideSolutionNode = FALSE
	EndGlobalSection
	GlobalSection(ExtensibilityGlobals) = postSolution
		SolutionGuid = {BDA0D5FE-306B-4D6A-856B-03C861524BF3}
	EndGlobalSection
EndGlobal
